
Microsoft Visual Studio Solution File, Format Version 12.00
# Visual Studio Version 17
VisualStudioVersion = 17.0.31903.59
MinimumVisualStudioVersion = 10.0.40219.1
Project("{2150E333-8FDC-42A3-9474-1A3956D46DE8}") = "FreeCodeCamp", "FreeCodeCamp", "{8975AC98-4D83-A65F-6E64-34CBE9FFE06F}"
EndProject
Project("{2150E333-8FDC-42A3-9474-1A3956D46DE8}") = "MicrosoftC#Path", "MicrosoftC#Path", "{8F4E3C43-A477-D4FC-F2D0-29E80DEB4ADD}"
EndProject
Project("{2150E333-8FDC-42A3-9474-1A3956D46DE8}") = "Write-your-first-C#-code", "Write-your-first-C#-code", "{05416A9F-72F8-2050-D2A0-49E3CD89F115}"
EndProject
Project("{FAE04EC0-301F-11D3-BF4B-00C04F79EFBC}") = "ConsoleApp1", "FreeCodeCamp\MicrosoftC#Path\Write-your-first-C#-code\ConsoleApp1\ConsoleApp1.csproj", "{7852B0DD-9B70-47E8-B44C-47C745B688B3}"
EndProject
Project("{FAE04EC0-301F-11D3-BF4B-00C04F79EFBC}") = "ExercisePlayGround", "Coddy\CoddyCSharp\ExercisePlayGround\ExercisePlayGround.csproj", "{3E6BA4C1-D1FF-4A60-96FF-801B940034F9}"
EndProject
Global
	GlobalSection(SolutionConfigurationPlatforms) = preSolution
		Debug|Any CPU = Debug|Any CPU
		Debug|x64 = Debug|x64
		Debug|x86 = Debug|x86
		Release|Any CPU = Release|Any CPU
		Release|x64 = Release|x64
		Release|x86 = Release|x86
	EndGlobalSection
	GlobalSection(ProjectConfigurationPlatforms) = postSolution
		{7852B0DD-9B70-47E8-B44C-47C745B688B3}.Debug|Any CPU.ActiveCfg = Debug|Any CPU
		{7852B0DD-9B70-47E8-B44C-47C745B688B3}.Debug|Any CPU.Build.0 = Debug|Any CPU
		{7852B0DD-9B70-47E8-B44C-47C745B688B3}.Debug|x64.ActiveCfg = Debug|Any CPU
		{7852B0DD-9B70-47E8-B44C-47C745B688B3}.Debug|x64.Build.0 = Debug|Any CPU
		{7852B0DD-9B70-47E8-B44C-47C745B688B3}.Debug|x86.ActiveCfg = Debug|Any CPU
		{7852B0DD-9B70-47E8-B44C-47C745B688B3}.Debug|x86.Build.0 = Debug|Any CPU
		{7852B0DD-9B70-47E8-B44C-47C745B688B3}.Release|Any CPU.ActiveCfg = Release|Any CPU
		{7852B0DD-9B70-47E8-B44C-47C745B688B3}.Release|Any CPU.Build.0 = Release|Any CPU
		{7852B0DD-9B70-47E8-B44C-47C745B688B3}.Release|x64.ActiveCfg = Release|Any CPU
		{7852B0DD-9B70-47E8-B44C-47C745B688B3}.Release|x64.Build.0 = Release|Any CPU
		{7852B0DD-9B70-47E8-B44C-47C745B688B3}.Release|x86.ActiveCfg = Release|Any CPU
		{7852B0DD-9B70-47E8-B44C-47C745B688B3}.Release|x86.Build.0 = Release|Any CPU
		{3E6BA4C1-D1FF-4A60-96FF-801B940034F9}.Debug|Any CPU.ActiveCfg = Debug|Any CPU
		{3E6BA4C1-D1FF-4A60-96FF-801B940034F9}.Debug|Any CPU.Build.0 = Debug|Any CPU
		{3E6BA4C1-D1FF-4A60-96FF-801B940034F9}.Debug|x64.ActiveCfg = Debug|Any CPU
		{3E6BA4C1-D1FF-4A60-96FF-801B940034F9}.Debug|x64.Build.0 = Debug|Any CPU
		{3E6BA4C1-D1FF-4A60-96FF-801B940034F9}.Debug|x86.ActiveCfg = Debug|Any CPU
		{3E6BA4C1-D1FF-4A60-96FF-801B940034F9}.Debug|x86.Build.0 = Debug|Any CPU
		{3E6BA4C1-D1FF-4A60-96FF-801B940034F9}.Release|Any CPU.ActiveCfg = Release|Any CPU
		{3E6BA4C1-D1FF-4A60-96FF-801B940034F9}.Release|Any CPU.Build.0 = Release|Any CPU
		{3E6BA4C1-D1FF-4A60-96FF-801B940034F9}.Release|x64.ActiveCfg = Release|Any CPU
		{3E6BA4C1-D1FF-4A60-96FF-801B940034F9}.Release|x64.Build.0 = Release|Any CPU
		{3E6BA4C1-D1FF-4A60-96FF-801B940034F9}.Release|x86.ActiveCfg = Release|Any CPU
		{3E6BA4C1-D1FF-4A60-96FF-801B940034F9}.Release|x86.Build.0 = Release|Any CPU
	EndGlobalSection
	GlobalSection(SolutionProperties) = preSolution
		HideSolutionNode = FALSE
	EndGlobalSection
	GlobalSection(NestedProjects) = preSolution
		{8F4E3C43-A477-D4FC-F2D0-29E80DEB4ADD} = {8975AC98-4D83-A65F-6E64-34CBE9FFE06F}
		{05416A9F-72F8-2050-D2A0-49E3CD89F115} = {8F4E3C43-A477-D4FC-F2D0-29E80DEB4ADD}
		{7852B0DD-9B70-47E8-B44C-47C745B688B3} = {05416A9F-72F8-2050-D2A0-49E3CD89F115}
	EndGlobalSection
EndGlobal
