
Microsoft Visual Studio Solution File, Format Version 12.00
# Visual Studio Version 17
VisualStudioVersion = 17.7.34221.43
MinimumVisualStudioVersion = 10.0.40219.1
Project("{8BC9CEB8-8B4A-11D0-8D11-00A0C91BC942}") = "SoftUniLesson1", "SoftUni\SoftUni.vcxproj", "{FA5D0489-416A-4F4D-BC7C-21F0364B2F8F}"
EndProject
Project("{8BC9CEB8-8B4A-11D0-8D11-00A0C91BC942}") = "SoftUniLesson2", "SoftUniLesson2\SoftUniLesson2.vcxproj", "{6CFA7E8E-60D5-4064-9EC4-C56B97B905B7}"
EndProject
Project("{8BC9CEB8-8B4A-11D0-8D11-00A0C91BC942}") = "SoftUniLesson3", "SoftUniLesson3\SoftUniLesson3.vcxproj", "{5002A0E1-3940-470A-BA35-3234C56CC7A0}"
EndProject
Project("{8BC9CEB8-8B4A-11D0-8D11-00A0C91BC942}") = "SoftUniLesson4", "SoftUni Lesson4\SoftUni Lesson4.vcxproj", "{F5D65F55-1CFB-4C81-868B-4BD0970B7344}"
EndProject
Project("{8BC9CEB8-8B4A-11D0-8D11-00A0C91BC942}") = "SoftUniLesson5", "SoftUniLesson5\SoftUniLesson5.vcxproj", "{33B6B3C0-FA42-4809-9540-164331D04071}"
EndProject
Project("{8BC9CEB8-8B4A-11D0-8D11-00A0C91BC942}") = "SoftUniLesson6", "SoftUniLesson6\SoftUniLesson6.vcxproj", "{CCA68783-0FB5-452B-A550-CA944F80DDFF}"
EndProject
Project("{8BC9CEB8-8B4A-11D0-8D11-00A0C91BC942}") = "SoftUniLesson7", "SoftUniLesson7\SoftUniLesson7.vcxproj", "{76230E3F-9CF1-4185-9870-DE17F896813F}"
EndProject
Project("{8BC9CEB8-8B4A-11D0-8D11-00A0C91BC942}") = "SoftUniLesson8", "SoftUniLesson8\SoftUniLesson8.vcxproj", "{C86F5E0D-66E0-4DFA-AF43-CDD374AAB0DC}"
EndProject
Project("{8BC9CEB8-8B4A-11D0-8D11-00A0C91BC942}") = "SoftUniLesson9", "SoftUniLesson9\SoftUniLesson9.vcxproj", "{2BD59CD5-6474-4337-8965-CF8F16403DFC}"
EndProject
Project("{8BC9CEB8-8B4A-11D0-8D11-00A0C91BC942}") = "SoftUniLesson10", "SoftUniLesson10\SoftUniLesson10.vcxproj", "{E2EEA107-C8B0-49A5-A4C4-2E61F49976FF}"
EndProject
Project("{8BC9CEB8-8B4A-11D0-8D11-00A0C91BC942}") = "SoftUniLesson11", "SoftUniLesson11\SoftUniLesson11.vcxproj", "{25326A73-1BA0-41AC-AACC-DF730389E08B}"
EndProject
Project("{8BC9CEB8-8B4A-11D0-8D11-00A0C91BC942}") = "SoftUniLesson12", "SoftUniLesson12\SoftUniLesson12.vcxproj", "{AA97E0D3-B93F-4558-AA6A-EADDAD1D997E}"
EndProject
Project("{8BC9CEB8-8B4A-11D0-8D11-00A0C91BC942}") = "SoftUniPreperationForExam", "SoftUniPreperationForExam\SoftUniPreperationForExam.vcxproj", "{9F47072F-ED69-4349-AAE2-E3D19DA5A291}"
EndProject
Project("{8BC9CEB8-8B4A-11D0-8D11-00A0C91BC942}") = "SoftUniExam", "SoftUniExam\SoftUniExam.vcxproj", "{21E5EB80-8A97-432E-9BFD-86294A61BC51}"
EndProject
Project("{8BC9CEB8-8B4A-11D0-8D11-00A0C91BC942}") = "SoftUniFundamentalsLesson1", "SoftUniFundametalsLesson1\SoftUniFundametalsLesson1.vcxproj", "{E5BFFD7F-7B0B-42F0-959D-B2E6C07E8E93}"
EndProject
Project("{8BC9CEB8-8B4A-11D0-8D11-00A0C91BC942}") = "SoftUniFundamentalsLesson2", "SoftUniFundamentalsLesson2\SoftUniFundamentalsLesson2.vcxproj", "{00B0C1CD-64DC-4840-B82C-5EBB1EFEC4E0}"
EndProject
Project("{8BC9CEB8-8B4A-11D0-8D11-00A0C91BC942}") = "Coddy", "Coddy\Coddy.vcxproj", "{1D0CD57F-7EBA-48E1-A4F5-A401A2CD9365}"
EndProject
Project("{8BC9CEB8-8B4A-11D0-8D11-00A0C91BC942}") = "SoftUniFundamentalsLesson3", "SoftUniFundamentals3\SoftUniFundamentals3.vcxproj", "{67F2DA6F-EB9C-4E72-811C-EC55C57FFFB5}"
EndProject
Project("{8BC9CEB8-8B4A-11D0-8D11-00A0C91BC942}") = "SoftUniFundamentalsLesson4", "SoftUniFundamentalsLesson4\SoftUniFundamentalsLesson4.vcxproj", "{84201C36-56D0-47D9-86E3-346BE5070D6D}"
EndProject
Project("{8BC9CEB8-8B4A-11D0-8D11-00A0C91BC942}") = "SoftUniFundamentalsLesson5", "SoftUniFundamentalsLesson5\SoftUniFundamentalsLesson5.vcxproj", "{20ADB04C-5251-48F1-932D-0DF4B405DC7F}"
EndProject
Project("{8BC9CEB8-8B4A-11D0-8D11-00A0C91BC942}") = "SoftUniFundamentalsLesson6", "SoftUniFundamentalsLesson6\SoftUniFundamentalsLesson6.vcxproj", "{97FB0CA1-4E1C-4368-8A23-3DADCE0FE18D}"
EndProject
Project("{8BC9CEB8-8B4A-11D0-8D11-00A0C91BC942}") = "SoftUniFundamentalsLesson7", "SoftUniFundamentalsLesson7\SoftUniFundamentalsLesson7.vcxproj", "{BA976E51-59DA-4CE4-89C2-E25B77B48266}"
EndProject
Project("{8BC9CEB8-8B4A-11D0-8D11-00A0C91BC942}") = "SoftUniFundamentalsLesson8", "SoftUniFundamentalsLesson8\SoftUniFundamentalsLesson8.vcxproj", "{20FF72E8-D96D-4614-9232-95399F3E696A}"
EndProject
Project("{8BC9CEB8-8B4A-11D0-8D11-00A0C91BC942}") = "SoftUniFundamentalsLesson9", "SoftUniFundamentalsLesson9\SoftUniFundamentalsLesson9.vcxproj", "{472EFB8F-C0BE-4FD9-A6F6-E4F1B4E788E6}"
EndProject
Project("{8BC9CEB8-8B4A-11D0-8D11-00A0C91BC942}") = "SoftUniFundamentalsLesson10", "SoftUniFundamentalsLesson10\SoftUniFundamentalsLesson10.vcxproj", "{8F245CA1-7FDC-4084-8CAF-81A8B94F23DA}"
EndProject
Project("{8BC9CEB8-8B4A-11D0-8D11-00A0C91BC942}") = "SoftUniFundamentalsPreperationForExam", "SoftUniFundamentalsPreperationForExam\SoftUniFundamentalsPreperationForExam.vcxproj", "{6573280E-E00B-45DB-9537-09879944DAF4}"
EndProject
Project("{8BC9CEB8-8B4A-11D0-8D11-00A0C91BC942}") = "SoftUniFundamentalsExam", "SoftUniFundamentalsExam\SoftUniFundamentalsExam.vcxproj", "{BC003A30-EE13-43A2-AFF5-50E1FD213434}"
EndProject
Project("{8BC9CEB8-8B4A-11D0-8D11-00A0C91BC942}") = "SoftUniAdvancedLesson2", "SoftUniAdvancedLesson2\SoftUniAdvancedLesson2.vcxproj", "{3CB6FFA3-C404-44CE-A945-4A877280DDB1}"
EndProject
Project("{8BC9CEB8-8B4A-11D0-8D11-00A0C91BC942}") = "SoftUniAdvancedLesson4", "SoftUniAdvancedLesson4\SoftUniAdvancedLesson4.vcxproj", "{887B6D98-79F0-45B4-8EDC-675F2B4907E2}"
EndProject
Project("{8BC9CEB8-8B4A-11D0-8D11-00A0C91BC942}") = "SoftUniAdvancedLesson6", "SoftUniAdvancedLesson6\SoftUniAdvancedLesson6.vcxproj", "{BEA836AA-34BD-42E6-93A7-11E9D9CE9E3E}"
EndProject
Project("{8BC9CEB8-8B4A-11D0-8D11-00A0C91BC942}") = "SoftUniAdvancedLesson7", "SoftUniAdvancedLesson7\SoftUniAdvancedLesson7.vcxproj", "{829CDC0A-3942-44AF-8705-D4782D069F3E}"
EndProject
Project("{8BC9CEB8-8B4A-11D0-8D11-00A0C91BC942}") = "SoftUniAdvancedLesson8", "SoftUniAdvancedLesson8\SoftUniAdvancedLesson8.vcxproj", "{5B625B46-2A04-43CA-B64B-A5EF075103A5}"
EndProject
Project("{8BC9CEB8-8B4A-11D0-8D11-00A0C91BC942}") = "SoftUniAdvancedLesson5", "SoftUniAdvancedLesson5\SoftUniAdvancedLesson5.vcxproj", "{2AD5DD7C-81F2-43AD-A4C3-CDF627D5584C}"
EndProject
Project("{8BC9CEB8-8B4A-11D0-8D11-00A0C91BC942}") = "SoftUniAdvancedLesson3", "SoftUniAdvancedLesson3\SoftUniAdvancedLesson3.vcxproj", "{C4205F1D-B585-40E6-AC3C-2D535D1BECF7}"
EndProject
Project("{8BC9CEB8-8B4A-11D0-8D11-00A0C91BC942}") = "SoftUniAdvancedLesson1", "SoftUniAdvancedLesson1\SoftUniAdvancedLesson1.vcxproj", "{05C4D879-3C96-4D1E-8C09-B58645F6362F}"
EndProject
Project("{8BC9CEB8-8B4A-11D0-8D11-00A0C91BC942}") = "SoftUniAdvancedLesson9", "SoftUniAdvancedLesson9\SoftUniAdvancedLesson9.vcxproj", "{47C9C8A0-EB14-4BB2-A553-2856E2EC8B7E}"
EndProject
Project("{8BC9CEB8-8B4A-11D0-8D11-00A0C91BC942}") = "SoftUniAdvancedLesson10", "SoftUniAdvancedLesson10\SoftUniAdvancedLesson10.vcxproj", "{5F1F60E3-DA8D-4589-AFA4-7B8042993E57}"
EndProject
Project("{8BC9CEB8-8B4A-11D0-8D11-00A0C91BC942}") = "SoftUniAdvancedLessonExam", "SoftUniAdvancedLessonExam\SoftUniAdvancedLessonExam.vcxproj", "{042A14E7-A6A1-4CA8-9F85-5DBF1492A54E}"
EndProject
Project("{8BC9CEB8-8B4A-11D0-8D11-00A0C91BC942}") = "SoftUniOOPLesson1", "SoftUniOOPLesson1\SoftUniOOPLesson1.vcxproj", "{2743F9D2-AB64-4503-AB25-5CAB29C6F349}"
EndProject
Project("{8BC9CEB8-8B4A-11D0-8D11-00A0C91BC942}") = "SoftUniOOPLesson2", "SoftUniOOPLesson2\SoftUniOOPLesson2.vcxproj", "{A0507A7C-21A7-4BAD-A2C8-ECA815C679DA}"
EndProject
Project("{8BC9CEB8-8B4A-11D0-8D11-00A0C91BC942}") = "SoftUniOPPLesson4", "SoftUniOPPLesson4\SoftUniOPPLesson4.vcxproj", "{BC313E63-8AA9-4DAB-A55F-3A57FC0710C0}"
EndProject
Project("{8BC9CEB8-8B4A-11D0-8D11-00A0C91BC942}") = "SoftUniOPPLesson5", "SoftUniOPPLesson5\SoftUniOPPLesson5.vcxproj", "{443532CF-40AF-42E5-962D-6ADCB4B981E1}"
EndProject
Project("{8BC9CEB8-8B4A-11D0-8D11-00A0C91BC942}") = "SoftUniOPPLesson6", "SoftUniOPPLesson6\SoftUniOPPLesson6.vcxproj", "{FF88276D-B6A4-43F5-B422-E0DD8A645CC7}"
EndProject
Project("{8BC9CEB8-8B4A-11D0-8D11-00A0C91BC942}") = "SoftUniOPPLesson7", "SoftUniOPPLesson7\SoftUniOPPLesson7.vcxproj", "{11294A01-752F-4B07-9350-07937A0A7719}"
EndProject
Project("{8BC9CEB8-8B4A-11D0-8D11-00A0C91BC942}") = "SoftUniOPPLesson8", "SoftUniOPPLesson8\SoftUniOPPLesson8.vcxproj", "{092E96AE-B206-42E7-B5AE-0A4BBB771418}"
EndProject
Project("{8BC9CEB8-8B4A-11D0-8D11-00A0C91BC942}") = "hackerRank", "hackerRank\hackerRank.vcxproj", "{A7788FD8-9541-40B8-AE2A-2299F3A5AA22}"
EndProject
Global
	GlobalSection(SolutionConfigurationPlatforms) = preSolution
		Debug|x64 = Debug|x64
		Debug|x86 = Debug|x86
		Release|x64 = Release|x64
		Release|x86 = Release|x86
	EndGlobalSection
	GlobalSection(ProjectConfigurationPlatforms) = postSolution
		{FA5D0489-416A-4F4D-BC7C-21F0364B2F8F}.Debug|x64.ActiveCfg = Debug|x64
		{FA5D0489-416A-4F4D-BC7C-21F0364B2F8F}.Debug|x64.Build.0 = Debug|x64
		{FA5D0489-416A-4F4D-BC7C-21F0364B2F8F}.Debug|x86.ActiveCfg = Debug|Win32
		{FA5D0489-416A-4F4D-BC7C-21F0364B2F8F}.Debug|x86.Build.0 = Debug|Win32
		{FA5D0489-416A-4F4D-BC7C-21F0364B2F8F}.Release|x64.ActiveCfg = Release|x64
		{FA5D0489-416A-4F4D-BC7C-21F0364B2F8F}.Release|x64.Build.0 = Release|x64
		{FA5D0489-416A-4F4D-BC7C-21F0364B2F8F}.Release|x86.ActiveCfg = Release|Win32
		{FA5D0489-416A-4F4D-BC7C-21F0364B2F8F}.Release|x86.Build.0 = Release|Win32
		{6CFA7E8E-60D5-4064-9EC4-C56B97B905B7}.Debug|x64.ActiveCfg = Debug|x64
		{6CFA7E8E-60D5-4064-9EC4-C56B97B905B7}.Debug|x64.Build.0 = Debug|x64
		{6CFA7E8E-60D5-4064-9EC4-C56B97B905B7}.Debug|x86.ActiveCfg = Debug|Win32
		{6CFA7E8E-60D5-4064-9EC4-C56B97B905B7}.Debug|x86.Build.0 = Debug|Win32
		{6CFA7E8E-60D5-4064-9EC4-C56B97B905B7}.Release|x64.ActiveCfg = Release|x64
		{6CFA7E8E-60D5-4064-9EC4-C56B97B905B7}.Release|x64.Build.0 = Release|x64
		{6CFA7E8E-60D5-4064-9EC4-C56B97B905B7}.Release|x86.ActiveCfg = Release|Win32
		{6CFA7E8E-60D5-4064-9EC4-C56B97B905B7}.Release|x86.Build.0 = Release|Win32
		{5002A0E1-3940-470A-BA35-3234C56CC7A0}.Debug|x64.ActiveCfg = Debug|x64
		{5002A0E1-3940-470A-BA35-3234C56CC7A0}.Debug|x64.Build.0 = Debug|x64
		{5002A0E1-3940-470A-BA35-3234C56CC7A0}.Debug|x86.ActiveCfg = Debug|Win32
		{5002A0E1-3940-470A-BA35-3234C56CC7A0}.Debug|x86.Build.0 = Debug|Win32
		{5002A0E1-3940-470A-BA35-3234C56CC7A0}.Release|x64.ActiveCfg = Release|x64
		{5002A0E1-3940-470A-BA35-3234C56CC7A0}.Release|x64.Build.0 = Release|x64
		{5002A0E1-3940-470A-BA35-3234C56CC7A0}.Release|x86.ActiveCfg = Release|Win32
		{5002A0E1-3940-470A-BA35-3234C56CC7A0}.Release|x86.Build.0 = Release|Win32
		{F5D65F55-1CFB-4C81-868B-4BD0970B7344}.Debug|x64.ActiveCfg = Debug|x64
		{F5D65F55-1CFB-4C81-868B-4BD0970B7344}.Debug|x64.Build.0 = Debug|x64
		{F5D65F55-1CFB-4C81-868B-4BD0970B7344}.Debug|x86.ActiveCfg = Debug|Win32
		{F5D65F55-1CFB-4C81-868B-4BD0970B7344}.Debug|x86.Build.0 = Debug|Win32
		{F5D65F55-1CFB-4C81-868B-4BD0970B7344}.Release|x64.ActiveCfg = Release|x64
		{F5D65F55-1CFB-4C81-868B-4BD0970B7344}.Release|x64.Build.0 = Release|x64
		{F5D65F55-1CFB-4C81-868B-4BD0970B7344}.Release|x86.ActiveCfg = Release|Win32
		{F5D65F55-1CFB-4C81-868B-4BD0970B7344}.Release|x86.Build.0 = Release|Win32
		{33B6B3C0-FA42-4809-9540-164331D04071}.Debug|x64.ActiveCfg = Debug|x64
		{33B6B3C0-FA42-4809-9540-164331D04071}.Debug|x64.Build.0 = Debug|x64
		{33B6B3C0-FA42-4809-9540-164331D04071}.Debug|x86.ActiveCfg = Debug|Win32
		{33B6B3C0-FA42-4809-9540-164331D04071}.Debug|x86.Build.0 = Debug|Win32
		{33B6B3C0-FA42-4809-9540-164331D04071}.Release|x64.ActiveCfg = Release|x64
		{33B6B3C0-FA42-4809-9540-164331D04071}.Release|x64.Build.0 = Release|x64
		{33B6B3C0-FA42-4809-9540-164331D04071}.Release|x86.ActiveCfg = Release|Win32
		{33B6B3C0-FA42-4809-9540-164331D04071}.Release|x86.Build.0 = Release|Win32
		{CCA68783-0FB5-452B-A550-CA944F80DDFF}.Debug|x64.ActiveCfg = Debug|x64
		{CCA68783-0FB5-452B-A550-CA944F80DDFF}.Debug|x64.Build.0 = Debug|x64
		{CCA68783-0FB5-452B-A550-CA944F80DDFF}.Debug|x86.ActiveCfg = Debug|Win32
		{CCA68783-0FB5-452B-A550-CA944F80DDFF}.Debug|x86.Build.0 = Debug|Win32
		{CCA68783-0FB5-452B-A550-CA944F80DDFF}.Release|x64.ActiveCfg = Release|x64
		{CCA68783-0FB5-452B-A550-CA944F80DDFF}.Release|x64.Build.0 = Release|x64
		{CCA68783-0FB5-452B-A550-CA944F80DDFF}.Release|x86.ActiveCfg = Release|Win32
		{CCA68783-0FB5-452B-A550-CA944F80DDFF}.Release|x86.Build.0 = Release|Win32
		{76230E3F-9CF1-4185-9870-DE17F896813F}.Debug|x64.ActiveCfg = Debug|x64
		{76230E3F-9CF1-4185-9870-DE17F896813F}.Debug|x64.Build.0 = Debug|x64
		{76230E3F-9CF1-4185-9870-DE17F896813F}.Debug|x86.ActiveCfg = Debug|Win32
		{76230E3F-9CF1-4185-9870-DE17F896813F}.Debug|x86.Build.0 = Debug|Win32
		{76230E3F-9CF1-4185-9870-DE17F896813F}.Release|x64.ActiveCfg = Release|x64
		{76230E3F-9CF1-4185-9870-DE17F896813F}.Release|x64.Build.0 = Release|x64
		{76230E3F-9CF1-4185-9870-DE17F896813F}.Release|x86.ActiveCfg = Release|Win32
		{76230E3F-9CF1-4185-9870-DE17F896813F}.Release|x86.Build.0 = Release|Win32
		{C86F5E0D-66E0-4DFA-AF43-CDD374AAB0DC}.Debug|x64.ActiveCfg = Debug|x64
		{C86F5E0D-66E0-4DFA-AF43-CDD374AAB0DC}.Debug|x64.Build.0 = Debug|x64
		{C86F5E0D-66E0-4DFA-AF43-CDD374AAB0DC}.Debug|x86.ActiveCfg = Debug|Win32
		{C86F5E0D-66E0-4DFA-AF43-CDD374AAB0DC}.Debug|x86.Build.0 = Debug|Win32
		{C86F5E0D-66E0-4DFA-AF43-CDD374AAB0DC}.Release|x64.ActiveCfg = Release|x64
		{C86F5E0D-66E0-4DFA-AF43-CDD374AAB0DC}.Release|x64.Build.0 = Release|x64
		{C86F5E0D-66E0-4DFA-AF43-CDD374AAB0DC}.Release|x86.ActiveCfg = Release|Win32
		{C86F5E0D-66E0-4DFA-AF43-CDD374AAB0DC}.Release|x86.Build.0 = Release|Win32
		{2BD59CD5-6474-4337-8965-CF8F16403DFC}.Debug|x64.ActiveCfg = Debug|x64
		{2BD59CD5-6474-4337-8965-CF8F16403DFC}.Debug|x64.Build.0 = Debug|x64
		{2BD59CD5-6474-4337-8965-CF8F16403DFC}.Debug|x86.ActiveCfg = Debug|Win32
		{2BD59CD5-6474-4337-8965-CF8F16403DFC}.Debug|x86.Build.0 = Debug|Win32
		{2BD59CD5-6474-4337-8965-CF8F16403DFC}.Release|x64.ActiveCfg = Release|x64
		{2BD59CD5-6474-4337-8965-CF8F16403DFC}.Release|x64.Build.0 = Release|x64
		{2BD59CD5-6474-4337-8965-CF8F16403DFC}.Release|x86.ActiveCfg = Release|Win32
		{2BD59CD5-6474-4337-8965-CF8F16403DFC}.Release|x86.Build.0 = Release|Win32
		{E2EEA107-C8B0-49A5-A4C4-2E61F49976FF}.Debug|x64.ActiveCfg = Debug|x64
		{E2EEA107-C8B0-49A5-A4C4-2E61F49976FF}.Debug|x64.Build.0 = Debug|x64
		{E2EEA107-C8B0-49A5-A4C4-2E61F49976FF}.Debug|x86.ActiveCfg = Debug|Win32
		{E2EEA107-C8B0-49A5-A4C4-2E61F49976FF}.Debug|x86.Build.0 = Debug|Win32
		{E2EEA107-C8B0-49A5-A4C4-2E61F49976FF}.Release|x64.ActiveCfg = Release|x64
		{E2EEA107-C8B0-49A5-A4C4-2E61F49976FF}.Release|x64.Build.0 = Release|x64
		{E2EEA107-C8B0-49A5-A4C4-2E61F49976FF}.Release|x86.ActiveCfg = Release|Win32
		{E2EEA107-C8B0-49A5-A4C4-2E61F49976FF}.Release|x86.Build.0 = Release|Win32
		{25326A73-1BA0-41AC-AACC-DF730389E08B}.Debug|x64.ActiveCfg = Debug|x64
		{25326A73-1BA0-41AC-AACC-DF730389E08B}.Debug|x64.Build.0 = Debug|x64
		{25326A73-1BA0-41AC-AACC-DF730389E08B}.Debug|x86.ActiveCfg = Debug|Win32
		{25326A73-1BA0-41AC-AACC-DF730389E08B}.Debug|x86.Build.0 = Debug|Win32
		{25326A73-1BA0-41AC-AACC-DF730389E08B}.Release|x64.ActiveCfg = Release|x64
		{25326A73-1BA0-41AC-AACC-DF730389E08B}.Release|x64.Build.0 = Release|x64
		{25326A73-1BA0-41AC-AACC-DF730389E08B}.Release|x86.ActiveCfg = Release|Win32
		{25326A73-1BA0-41AC-AACC-DF730389E08B}.Release|x86.Build.0 = Release|Win32
		{AA97E0D3-B93F-4558-AA6A-EADDAD1D997E}.Debug|x64.ActiveCfg = Debug|x64
		{AA97E0D3-B93F-4558-AA6A-EADDAD1D997E}.Debug|x64.Build.0 = Debug|x64
		{AA97E0D3-B93F-4558-AA6A-EADDAD1D997E}.Debug|x86.ActiveCfg = Debug|Win32
		{AA97E0D3-B93F-4558-AA6A-EADDAD1D997E}.Debug|x86.Build.0 = Debug|Win32
		{AA97E0D3-B93F-4558-AA6A-EADDAD1D997E}.Release|x64.ActiveCfg = Release|x64
		{AA97E0D3-B93F-4558-AA6A-EADDAD1D997E}.Release|x64.Build.0 = Release|x64
		{AA97E0D3-B93F-4558-AA6A-EADDAD1D997E}.Release|x86.ActiveCfg = Release|Win32
		{AA97E0D3-B93F-4558-AA6A-EADDAD1D997E}.Release|x86.Build.0 = Release|Win32
		{9F47072F-ED69-4349-AAE2-E3D19DA5A291}.Debug|x64.ActiveCfg = Debug|x64
		{9F47072F-ED69-4349-AAE2-E3D19DA5A291}.Debug|x64.Build.0 = Debug|x64
		{9F47072F-ED69-4349-AAE2-E3D19DA5A291}.Debug|x86.ActiveCfg = Debug|Win32
		{9F47072F-ED69-4349-AAE2-E3D19DA5A291}.Debug|x86.Build.0 = Debug|Win32
		{9F47072F-ED69-4349-AAE2-E3D19DA5A291}.Release|x64.ActiveCfg = Release|x64
		{9F47072F-ED69-4349-AAE2-E3D19DA5A291}.Release|x64.Build.0 = Release|x64
		{9F47072F-ED69-4349-AAE2-E3D19DA5A291}.Release|x86.ActiveCfg = Release|Win32
		{9F47072F-ED69-4349-AAE2-E3D19DA5A291}.Release|x86.Build.0 = Release|Win32
		{21E5EB80-8A97-432E-9BFD-86294A61BC51}.Debug|x64.ActiveCfg = Debug|x64
		{21E5EB80-8A97-432E-9BFD-86294A61BC51}.Debug|x64.Build.0 = Debug|x64
		{21E5EB80-8A97-432E-9BFD-86294A61BC51}.Debug|x86.ActiveCfg = Debug|Win32
		{21E5EB80-8A97-432E-9BFD-86294A61BC51}.Debug|x86.Build.0 = Debug|Win32
		{21E5EB80-8A97-432E-9BFD-86294A61BC51}.Release|x64.ActiveCfg = Release|x64
		{21E5EB80-8A97-432E-9BFD-86294A61BC51}.Release|x64.Build.0 = Release|x64
		{21E5EB80-8A97-432E-9BFD-86294A61BC51}.Release|x86.ActiveCfg = Release|Win32
		{21E5EB80-8A97-432E-9BFD-86294A61BC51}.Release|x86.Build.0 = Release|Win32
		{E5BFFD7F-7B0B-42F0-959D-B2E6C07E8E93}.Debug|x64.ActiveCfg = Debug|x64
		{E5BFFD7F-7B0B-42F0-959D-B2E6C07E8E93}.Debug|x64.Build.0 = Debug|x64
		{E5BFFD7F-7B0B-42F0-959D-B2E6C07E8E93}.Debug|x86.ActiveCfg = Debug|Win32
		{E5BFFD7F-7B0B-42F0-959D-B2E6C07E8E93}.Debug|x86.Build.0 = Debug|Win32
		{E5BFFD7F-7B0B-42F0-959D-B2E6C07E8E93}.Release|x64.ActiveCfg = Release|x64
		{E5BFFD7F-7B0B-42F0-959D-B2E6C07E8E93}.Release|x64.Build.0 = Release|x64
		{E5BFFD7F-7B0B-42F0-959D-B2E6C07E8E93}.Release|x86.ActiveCfg = Release|Win32
		{E5BFFD7F-7B0B-42F0-959D-B2E6C07E8E93}.Release|x86.Build.0 = Release|Win32
		{00B0C1CD-64DC-4840-B82C-5EBB1EFEC4E0}.Debug|x64.ActiveCfg = Debug|x64
		{00B0C1CD-64DC-4840-B82C-5EBB1EFEC4E0}.Debug|x64.Build.0 = Debug|x64
		{00B0C1CD-64DC-4840-B82C-5EBB1EFEC4E0}.Debug|x86.ActiveCfg = Debug|Win32
		{00B0C1CD-64DC-4840-B82C-5EBB1EFEC4E0}.Debug|x86.Build.0 = Debug|Win32
		{00B0C1CD-64DC-4840-B82C-5EBB1EFEC4E0}.Release|x64.ActiveCfg = Release|x64
		{00B0C1CD-64DC-4840-B82C-5EBB1EFEC4E0}.Release|x64.Build.0 = Release|x64
		{00B0C1CD-64DC-4840-B82C-5EBB1EFEC4E0}.Release|x86.ActiveCfg = Release|Win32
		{00B0C1CD-64DC-4840-B82C-5EBB1EFEC4E0}.Release|x86.Build.0 = Release|Win32
		{1D0CD57F-7EBA-48E1-A4F5-A401A2CD9365}.Debug|x64.ActiveCfg = Debug|x64
		{1D0CD57F-7EBA-48E1-A4F5-A401A2CD9365}.Debug|x64.Build.0 = Debug|x64
		{1D0CD57F-7EBA-48E1-A4F5-A401A2CD9365}.Debug|x86.ActiveCfg = Debug|Win32
		{1D0CD57F-7EBA-48E1-A4F5-A401A2CD9365}.Debug|x86.Build.0 = Debug|Win32
		{1D0CD57F-7EBA-48E1-A4F5-A401A2CD9365}.Release|x64.ActiveCfg = Release|x64
		{1D0CD57F-7EBA-48E1-A4F5-A401A2CD9365}.Release|x64.Build.0 = Release|x64
		{1D0CD57F-7EBA-48E1-A4F5-A401A2CD9365}.Release|x86.ActiveCfg = Release|Win32
		{1D0CD57F-7EBA-48E1-A4F5-A401A2CD9365}.Release|x86.Build.0 = Release|Win32
		{67F2DA6F-EB9C-4E72-811C-EC55C57FFFB5}.Debug|x64.ActiveCfg = Debug|x64
		{67F2DA6F-EB9C-4E72-811C-EC55C57FFFB5}.Debug|x64.Build.0 = Debug|x64
		{67F2DA6F-EB9C-4E72-811C-EC55C57FFFB5}.Debug|x86.ActiveCfg = Debug|Win32
		{67F2DA6F-EB9C-4E72-811C-EC55C57FFFB5}.Debug|x86.Build.0 = Debug|Win32
		{67F2DA6F-EB9C-4E72-811C-EC55C57FFFB5}.Release|x64.ActiveCfg = Release|x64
		{67F2DA6F-EB9C-4E72-811C-EC55C57FFFB5}.Release|x64.Build.0 = Release|x64
		{67F2DA6F-EB9C-4E72-811C-EC55C57FFFB5}.Release|x86.ActiveCfg = Release|Win32
		{67F2DA6F-EB9C-4E72-811C-EC55C57FFFB5}.Release|x86.Build.0 = Release|Win32
		{84201C36-56D0-47D9-86E3-346BE5070D6D}.Debug|x64.ActiveCfg = Debug|x64
		{84201C36-56D0-47D9-86E3-346BE5070D6D}.Debug|x64.Build.0 = Debug|x64
		{84201C36-56D0-47D9-86E3-346BE5070D6D}.Debug|x86.ActiveCfg = Debug|Win32
		{84201C36-56D0-47D9-86E3-346BE5070D6D}.Debug|x86.Build.0 = Debug|Win32
		{84201C36-56D0-47D9-86E3-346BE5070D6D}.Release|x64.ActiveCfg = Release|x64
		{84201C36-56D0-47D9-86E3-346BE5070D6D}.Release|x64.Build.0 = Release|x64
		{84201C36-56D0-47D9-86E3-346BE5070D6D}.Release|x86.ActiveCfg = Release|Win32
		{84201C36-56D0-47D9-86E3-346BE5070D6D}.Release|x86.Build.0 = Release|Win32
		{20ADB04C-5251-48F1-932D-0DF4B405DC7F}.Debug|x64.ActiveCfg = Debug|x64
		{20ADB04C-5251-48F1-932D-0DF4B405DC7F}.Debug|x64.Build.0 = Debug|x64
		{20ADB04C-5251-48F1-932D-0DF4B405DC7F}.Debug|x86.ActiveCfg = Debug|Win32
		{20ADB04C-5251-48F1-932D-0DF4B405DC7F}.Debug|x86.Build.0 = Debug|Win32
		{20ADB04C-5251-48F1-932D-0DF4B405DC7F}.Release|x64.ActiveCfg = Release|x64
		{20ADB04C-5251-48F1-932D-0DF4B405DC7F}.Release|x64.Build.0 = Release|x64
		{20ADB04C-5251-48F1-932D-0DF4B405DC7F}.Release|x86.ActiveCfg = Release|Win32
		{20ADB04C-5251-48F1-932D-0DF4B405DC7F}.Release|x86.Build.0 = Release|Win32
		{97FB0CA1-4E1C-4368-8A23-3DADCE0FE18D}.Debug|x64.ActiveCfg = Debug|x64
		{97FB0CA1-4E1C-4368-8A23-3DADCE0FE18D}.Debug|x64.Build.0 = Debug|x64
		{97FB0CA1-4E1C-4368-8A23-3DADCE0FE18D}.Debug|x86.ActiveCfg = Debug|Win32
		{97FB0CA1-4E1C-4368-8A23-3DADCE0FE18D}.Debug|x86.Build.0 = Debug|Win32
		{97FB0CA1-4E1C-4368-8A23-3DADCE0FE18D}.Release|x64.ActiveCfg = Release|x64
		{97FB0CA1-4E1C-4368-8A23-3DADCE0FE18D}.Release|x64.Build.0 = Release|x64
		{97FB0CA1-4E1C-4368-8A23-3DADCE0FE18D}.Release|x86.ActiveCfg = Release|Win32
		{97FB0CA1-4E1C-4368-8A23-3DADCE0FE18D}.Release|x86.Build.0 = Release|Win32
		{BA976E51-59DA-4CE4-89C2-E25B77B48266}.Debug|x64.ActiveCfg = Debug|x64
		{BA976E51-59DA-4CE4-89C2-E25B77B48266}.Debug|x64.Build.0 = Debug|x64
		{BA976E51-59DA-4CE4-89C2-E25B77B48266}.Debug|x86.ActiveCfg = Debug|Win32
		{BA976E51-59DA-4CE4-89C2-E25B77B48266}.Debug|x86.Build.0 = Debug|Win32
		{BA976E51-59DA-4CE4-89C2-E25B77B48266}.Release|x64.ActiveCfg = Release|x64
		{BA976E51-59DA-4CE4-89C2-E25B77B48266}.Release|x64.Build.0 = Release|x64
		{BA976E51-59DA-4CE4-89C2-E25B77B48266}.Release|x86.ActiveCfg = Release|Win32
		{BA976E51-59DA-4CE4-89C2-E25B77B48266}.Release|x86.Build.0 = Release|Win32
		{20FF72E8-D96D-4614-9232-95399F3E696A}.Debug|x64.ActiveCfg = Debug|x64
		{20FF72E8-D96D-4614-9232-95399F3E696A}.Debug|x64.Build.0 = Debug|x64
		{20FF72E8-D96D-4614-9232-95399F3E696A}.Debug|x86.ActiveCfg = Debug|Win32
		{20FF72E8-D96D-4614-9232-95399F3E696A}.Debug|x86.Build.0 = Debug|Win32
		{20FF72E8-D96D-4614-9232-95399F3E696A}.Release|x64.ActiveCfg = Release|x64
		{20FF72E8-D96D-4614-9232-95399F3E696A}.Release|x64.Build.0 = Release|x64
		{20FF72E8-D96D-4614-9232-95399F3E696A}.Release|x86.ActiveCfg = Release|Win32
		{20FF72E8-D96D-4614-9232-95399F3E696A}.Release|x86.Build.0 = Release|Win32
		{472EFB8F-C0BE-4FD9-A6F6-E4F1B4E788E6}.Debug|x64.ActiveCfg = Debug|x64
		{472EFB8F-C0BE-4FD9-A6F6-E4F1B4E788E6}.Debug|x64.Build.0 = Debug|x64
		{472EFB8F-C0BE-4FD9-A6F6-E4F1B4E788E6}.Debug|x86.ActiveCfg = Debug|Win32
		{472EFB8F-C0BE-4FD9-A6F6-E4F1B4E788E6}.Debug|x86.Build.0 = Debug|Win32
		{472EFB8F-C0BE-4FD9-A6F6-E4F1B4E788E6}.Release|x64.ActiveCfg = Release|x64
		{472EFB8F-C0BE-4FD9-A6F6-E4F1B4E788E6}.Release|x64.Build.0 = Release|x64
		{472EFB8F-C0BE-4FD9-A6F6-E4F1B4E788E6}.Release|x86.ActiveCfg = Release|Win32
		{472EFB8F-C0BE-4FD9-A6F6-E4F1B4E788E6}.Release|x86.Build.0 = Release|Win32
		{8F245CA1-7FDC-4084-8CAF-81A8B94F23DA}.Debug|x64.ActiveCfg = Debug|x64
		{8F245CA1-7FDC-4084-8CAF-81A8B94F23DA}.Debug|x64.Build.0 = Debug|x64
		{8F245CA1-7FDC-4084-8CAF-81A8B94F23DA}.Debug|x86.ActiveCfg = Debug|Win32
		{8F245CA1-7FDC-4084-8CAF-81A8B94F23DA}.Debug|x86.Build.0 = Debug|Win32
		{8F245CA1-7FDC-4084-8CAF-81A8B94F23DA}.Release|x64.ActiveCfg = Release|x64
		{8F245CA1-7FDC-4084-8CAF-81A8B94F23DA}.Release|x64.Build.0 = Release|x64
		{8F245CA1-7FDC-4084-8CAF-81A8B94F23DA}.Release|x86.ActiveCfg = Release|Win32
		{8F245CA1-7FDC-4084-8CAF-81A8B94F23DA}.Release|x86.Build.0 = Release|Win32
		{6573280E-E00B-45DB-9537-09879944DAF4}.Debug|x64.ActiveCfg = Debug|x64
		{6573280E-E00B-45DB-9537-09879944DAF4}.Debug|x64.Build.0 = Debug|x64
		{6573280E-E00B-45DB-9537-09879944DAF4}.Debug|x86.ActiveCfg = Debug|Win32
		{6573280E-E00B-45DB-9537-09879944DAF4}.Debug|x86.Build.0 = Debug|Win32
		{6573280E-E00B-45DB-9537-09879944DAF4}.Release|x64.ActiveCfg = Release|x64
		{6573280E-E00B-45DB-9537-09879944DAF4}.Release|x64.Build.0 = Release|x64
		{6573280E-E00B-45DB-9537-09879944DAF4}.Release|x86.ActiveCfg = Release|Win32
		{6573280E-E00B-45DB-9537-09879944DAF4}.Release|x86.Build.0 = Release|Win32
		{BC003A30-EE13-43A2-AFF5-50E1FD213434}.Debug|x64.ActiveCfg = Debug|x64
		{BC003A30-EE13-43A2-AFF5-50E1FD213434}.Debug|x64.Build.0 = Debug|x64
		{BC003A30-EE13-43A2-AFF5-50E1FD213434}.Debug|x86.ActiveCfg = Debug|Win32
		{BC003A30-EE13-43A2-AFF5-50E1FD213434}.Debug|x86.Build.0 = Debug|Win32
		{BC003A30-EE13-43A2-AFF5-50E1FD213434}.Release|x64.ActiveCfg = Release|x64
		{BC003A30-EE13-43A2-AFF5-50E1FD213434}.Release|x64.Build.0 = Release|x64
		{BC003A30-EE13-43A2-AFF5-50E1FD213434}.Release|x86.ActiveCfg = Release|Win32
		{BC003A30-EE13-43A2-AFF5-50E1FD213434}.Release|x86.Build.0 = Release|Win32
		{3CB6FFA3-C404-44CE-A945-4A877280DDB1}.Debug|x64.ActiveCfg = Debug|x64
		{3CB6FFA3-C404-44CE-A945-4A877280DDB1}.Debug|x64.Build.0 = Debug|x64
		{3CB6FFA3-C404-44CE-A945-4A877280DDB1}.Debug|x86.ActiveCfg = Debug|Win32
		{3CB6FFA3-C404-44CE-A945-4A877280DDB1}.Debug|x86.Build.0 = Debug|Win32
		{3CB6FFA3-C404-44CE-A945-4A877280DDB1}.Release|x64.ActiveCfg = Release|x64
		{3CB6FFA3-C404-44CE-A945-4A877280DDB1}.Release|x64.Build.0 = Release|x64
		{3CB6FFA3-C404-44CE-A945-4A877280DDB1}.Release|x86.ActiveCfg = Release|Win32
		{3CB6FFA3-C404-44CE-A945-4A877280DDB1}.Release|x86.Build.0 = Release|Win32
		{887B6D98-79F0-45B4-8EDC-675F2B4907E2}.Debug|x64.ActiveCfg = Debug|x64
		{887B6D98-79F0-45B4-8EDC-675F2B4907E2}.Debug|x64.Build.0 = Debug|x64
		{887B6D98-79F0-45B4-8EDC-675F2B4907E2}.Debug|x86.ActiveCfg = Debug|Win32
		{887B6D98-79F0-45B4-8EDC-675F2B4907E2}.Debug|x86.Build.0 = Debug|Win32
		{887B6D98-79F0-45B4-8EDC-675F2B4907E2}.Release|x64.ActiveCfg = Release|x64
		{887B6D98-79F0-45B4-8EDC-675F2B4907E2}.Release|x64.Build.0 = Release|x64
		{887B6D98-79F0-45B4-8EDC-675F2B4907E2}.Release|x86.ActiveCfg = Release|Win32
		{887B6D98-79F0-45B4-8EDC-675F2B4907E2}.Release|x86.Build.0 = Release|Win32
		{BEA836AA-34BD-42E6-93A7-11E9D9CE9E3E}.Debug|x64.ActiveCfg = Debug|x64
		{BEA836AA-34BD-42E6-93A7-11E9D9CE9E3E}.Debug|x64.Build.0 = Debug|x64
		{BEA836AA-34BD-42E6-93A7-11E9D9CE9E3E}.Debug|x86.ActiveCfg = Debug|Win32
		{BEA836AA-34BD-42E6-93A7-11E9D9CE9E3E}.Debug|x86.Build.0 = Debug|Win32
		{BEA836AA-34BD-42E6-93A7-11E9D9CE9E3E}.Release|x64.ActiveCfg = Release|x64
		{BEA836AA-34BD-42E6-93A7-11E9D9CE9E3E}.Release|x64.Build.0 = Release|x64
		{BEA836AA-34BD-42E6-93A7-11E9D9CE9E3E}.Release|x86.ActiveCfg = Release|Win32
		{BEA836AA-34BD-42E6-93A7-11E9D9CE9E3E}.Release|x86.Build.0 = Release|Win32
		{829CDC0A-3942-44AF-8705-D4782D069F3E}.Debug|x64.ActiveCfg = Debug|x64
		{829CDC0A-3942-44AF-8705-D4782D069F3E}.Debug|x64.Build.0 = Debug|x64
		{829CDC0A-3942-44AF-8705-D4782D069F3E}.Debug|x86.ActiveCfg = Debug|Win32
		{829CDC0A-3942-44AF-8705-D4782D069F3E}.Debug|x86.Build.0 = Debug|Win32
		{829CDC0A-3942-44AF-8705-D4782D069F3E}.Release|x64.ActiveCfg = Release|x64
		{829CDC0A-3942-44AF-8705-D4782D069F3E}.Release|x64.Build.0 = Release|x64
		{829CDC0A-3942-44AF-8705-D4782D069F3E}.Release|x86.ActiveCfg = Release|Win32
		{829CDC0A-3942-44AF-8705-D4782D069F3E}.Release|x86.Build.0 = Release|Win32
		{5B625B46-2A04-43CA-B64B-A5EF075103A5}.Debug|x64.ActiveCfg = Debug|x64
		{5B625B46-2A04-43CA-B64B-A5EF075103A5}.Debug|x64.Build.0 = Debug|x64
		{5B625B46-2A04-43CA-B64B-A5EF075103A5}.Debug|x86.ActiveCfg = Debug|Win32
		{5B625B46-2A04-43CA-B64B-A5EF075103A5}.Debug|x86.Build.0 = Debug|Win32
		{5B625B46-2A04-43CA-B64B-A5EF075103A5}.Release|x64.ActiveCfg = Release|x64
		{5B625B46-2A04-43CA-B64B-A5EF075103A5}.Release|x64.Build.0 = Release|x64
		{5B625B46-2A04-43CA-B64B-A5EF075103A5}.Release|x86.ActiveCfg = Release|Win32
		{5B625B46-2A04-43CA-B64B-A5EF075103A5}.Release|x86.Build.0 = Release|Win32
		{2AD5DD7C-81F2-43AD-A4C3-CDF627D5584C}.Debug|x64.ActiveCfg = Debug|x64
		{2AD5DD7C-81F2-43AD-A4C3-CDF627D5584C}.Debug|x64.Build.0 = Debug|x64
		{2AD5DD7C-81F2-43AD-A4C3-CDF627D5584C}.Debug|x86.ActiveCfg = Debug|Win32
		{2AD5DD7C-81F2-43AD-A4C3-CDF627D5584C}.Debug|x86.Build.0 = Debug|Win32
		{2AD5DD7C-81F2-43AD-A4C3-CDF627D5584C}.Release|x64.ActiveCfg = Release|x64
		{2AD5DD7C-81F2-43AD-A4C3-CDF627D5584C}.Release|x64.Build.0 = Release|x64
		{2AD5DD7C-81F2-43AD-A4C3-CDF627D5584C}.Release|x86.ActiveCfg = Release|Win32
		{2AD5DD7C-81F2-43AD-A4C3-CDF627D5584C}.Release|x86.Build.0 = Release|Win32
		{C4205F1D-B585-40E6-AC3C-2D535D1BECF7}.Debug|x64.ActiveCfg = Debug|x64
		{C4205F1D-B585-40E6-AC3C-2D535D1BECF7}.Debug|x64.Build.0 = Debug|x64
		{C4205F1D-B585-40E6-AC3C-2D535D1BECF7}.Debug|x86.ActiveCfg = Debug|Win32
		{C4205F1D-B585-40E6-AC3C-2D535D1BECF7}.Debug|x86.Build.0 = Debug|Win32
		{C4205F1D-B585-40E6-AC3C-2D535D1BECF7}.Release|x64.ActiveCfg = Release|x64
		{C4205F1D-B585-40E6-AC3C-2D535D1BECF7}.Release|x64.Build.0 = Release|x64
		{C4205F1D-B585-40E6-AC3C-2D535D1BECF7}.Release|x86.ActiveCfg = Release|Win32
		{C4205F1D-B585-40E6-AC3C-2D535D1BECF7}.Release|x86.Build.0 = Release|Win32
		{05C4D879-3C96-4D1E-8C09-B58645F6362F}.Debug|x64.ActiveCfg = Debug|x64
		{05C4D879-3C96-4D1E-8C09-B58645F6362F}.Debug|x64.Build.0 = Debug|x64
		{05C4D879-3C96-4D1E-8C09-B58645F6362F}.Debug|x86.ActiveCfg = Debug|Win32
		{05C4D879-3C96-4D1E-8C09-B58645F6362F}.Debug|x86.Build.0 = Debug|Win32
		{05C4D879-3C96-4D1E-8C09-B58645F6362F}.Release|x64.ActiveCfg = Release|x64
		{05C4D879-3C96-4D1E-8C09-B58645F6362F}.Release|x64.Build.0 = Release|x64
		{05C4D879-3C96-4D1E-8C09-B58645F6362F}.Release|x86.ActiveCfg = Release|Win32
		{05C4D879-3C96-4D1E-8C09-B58645F6362F}.Release|x86.Build.0 = Release|Win32
		{47C9C8A0-EB14-4BB2-A553-2856E2EC8B7E}.Debug|x64.ActiveCfg = Debug|x64
		{47C9C8A0-EB14-4BB2-A553-2856E2EC8B7E}.Debug|x64.Build.0 = Debug|x64
		{47C9C8A0-EB14-4BB2-A553-2856E2EC8B7E}.Debug|x86.ActiveCfg = Debug|Win32
		{47C9C8A0-EB14-4BB2-A553-2856E2EC8B7E}.Debug|x86.Build.0 = Debug|Win32
		{47C9C8A0-EB14-4BB2-A553-2856E2EC8B7E}.Release|x64.ActiveCfg = Release|x64
		{47C9C8A0-EB14-4BB2-A553-2856E2EC8B7E}.Release|x64.Build.0 = Release|x64
		{47C9C8A0-EB14-4BB2-A553-2856E2EC8B7E}.Release|x86.ActiveCfg = Release|Win32
		{47C9C8A0-EB14-4BB2-A553-2856E2EC8B7E}.Release|x86.Build.0 = Release|Win32
		{5F1F60E3-DA8D-4589-AFA4-7B8042993E57}.Debug|x64.ActiveCfg = Debug|x64
		{5F1F60E3-DA8D-4589-AFA4-7B8042993E57}.Debug|x64.Build.0 = Debug|x64
		{5F1F60E3-DA8D-4589-AFA4-7B8042993E57}.Debug|x86.ActiveCfg = Debug|Win32
		{5F1F60E3-DA8D-4589-AFA4-7B8042993E57}.Debug|x86.Build.0 = Debug|Win32
		{5F1F60E3-DA8D-4589-AFA4-7B8042993E57}.Release|x64.ActiveCfg = Release|x64
		{5F1F60E3-DA8D-4589-AFA4-7B8042993E57}.Release|x64.Build.0 = Release|x64
		{5F1F60E3-DA8D-4589-AFA4-7B8042993E57}.Release|x86.ActiveCfg = Release|Win32
		{5F1F60E3-DA8D-4589-AFA4-7B8042993E57}.Release|x86.Build.0 = Release|Win32
		{042A14E7-A6A1-4CA8-9F85-5DBF1492A54E}.Debug|x64.ActiveCfg = Debug|x64
		{042A14E7-A6A1-4CA8-9F85-5DBF1492A54E}.Debug|x64.Build.0 = Debug|x64
		{042A14E7-A6A1-4CA8-9F85-5DBF1492A54E}.Debug|x86.ActiveCfg = Debug|Win32
		{042A14E7-A6A1-4CA8-9F85-5DBF1492A54E}.Debug|x86.Build.0 = Debug|Win32
		{042A14E7-A6A1-4CA8-9F85-5DBF1492A54E}.Release|x64.ActiveCfg = Release|x64
		{042A14E7-A6A1-4CA8-9F85-5DBF1492A54E}.Release|x64.Build.0 = Release|x64
		{042A14E7-A6A1-4CA8-9F85-5DBF1492A54E}.Release|x86.ActiveCfg = Release|Win32
		{042A14E7-A6A1-4CA8-9F85-5DBF1492A54E}.Release|x86.Build.0 = Release|Win32
		{2743F9D2-AB64-4503-AB25-5CAB29C6F349}.Debug|x64.ActiveCfg = Debug|x64
		{2743F9D2-AB64-4503-AB25-5CAB29C6F349}.Debug|x64.Build.0 = Debug|x64
		{2743F9D2-AB64-4503-AB25-5CAB29C6F349}.Debug|x86.ActiveCfg = Debug|Win32
		{2743F9D2-AB64-4503-AB25-5CAB29C6F349}.Debug|x86.Build.0 = Debug|Win32
		{2743F9D2-AB64-4503-AB25-5CAB29C6F349}.Release|x64.ActiveCfg = Release|x64
		{2743F9D2-AB64-4503-AB25-5CAB29C6F349}.Release|x64.Build.0 = Release|x64
		{2743F9D2-AB64-4503-AB25-5CAB29C6F349}.Release|x86.ActiveCfg = Release|Win32
		{2743F9D2-AB64-4503-AB25-5CAB29C6F349}.Release|x86.Build.0 = Release|Win32
		{A0507A7C-21A7-4BAD-A2C8-ECA815C679DA}.Debug|x64.ActiveCfg = Debug|x64
		{A0507A7C-21A7-4BAD-A2C8-ECA815C679DA}.Debug|x64.Build.0 = Debug|x64
		{A0507A7C-21A7-4BAD-A2C8-ECA815C679DA}.Debug|x86.ActiveCfg = Debug|Win32
		{A0507A7C-21A7-4BAD-A2C8-ECA815C679DA}.Debug|x86.Build.0 = Debug|Win32
		{A0507A7C-21A7-4BAD-A2C8-ECA815C679DA}.Release|x64.ActiveCfg = Release|x64
		{A0507A7C-21A7-4BAD-A2C8-ECA815C679DA}.Release|x64.Build.0 = Release|x64
		{A0507A7C-21A7-4BAD-A2C8-ECA815C679DA}.Release|x86.ActiveCfg = Release|Win32
		{A0507A7C-21A7-4BAD-A2C8-ECA815C679DA}.Release|x86.Build.0 = Release|Win32
		{BC313E63-8AA9-4DAB-A55F-3A57FC0710C0}.Debug|x64.ActiveCfg = Debug|x64
		{BC313E63-8AA9-4DAB-A55F-3A57FC0710C0}.Debug|x64.Build.0 = Debug|x64
		{BC313E63-8AA9-4DAB-A55F-3A57FC0710C0}.Debug|x86.ActiveCfg = Debug|Win32
		{BC313E63-8AA9-4DAB-A55F-3A57FC0710C0}.Debug|x86.Build.0 = Debug|Win32
		{BC313E63-8AA9-4DAB-A55F-3A57FC0710C0}.Release|x64.ActiveCfg = Release|x64
		{BC313E63-8AA9-4DAB-A55F-3A57FC0710C0}.Release|x64.Build.0 = Release|x64
		{BC313E63-8AA9-4DAB-A55F-3A57FC0710C0}.Release|x86.ActiveCfg = Release|Win32
		{BC313E63-8AA9-4DAB-A55F-3A57FC0710C0}.Release|x86.Build.0 = Release|Win32
		{443532CF-40AF-42E5-962D-6ADCB4B981E1}.Debug|x64.ActiveCfg = Debug|x64
		{443532CF-40AF-42E5-962D-6ADCB4B981E1}.Debug|x64.Build.0 = Debug|x64
		{443532CF-40AF-42E5-962D-6ADCB4B981E1}.Debug|x86.ActiveCfg = Debug|Win32
		{443532CF-40AF-42E5-962D-6ADCB4B981E1}.Debug|x86.Build.0 = Debug|Win32
		{443532CF-40AF-42E5-962D-6ADCB4B981E1}.Release|x64.ActiveCfg = Release|x64
		{443532CF-40AF-42E5-962D-6ADCB4B981E1}.Release|x64.Build.0 = Release|x64
		{443532CF-40AF-42E5-962D-6ADCB4B981E1}.Release|x86.ActiveCfg = Release|Win32
		{443532CF-40AF-42E5-962D-6ADCB4B981E1}.Release|x86.Build.0 = Release|Win32
		{FF88276D-B6A4-43F5-B422-E0DD8A645CC7}.Debug|x64.ActiveCfg = Debug|x64
		{FF88276D-B6A4-43F5-B422-E0DD8A645CC7}.Debug|x64.Build.0 = Debug|x64
		{FF88276D-B6A4-43F5-B422-E0DD8A645CC7}.Debug|x86.ActiveCfg = Debug|Win32
		{FF88276D-B6A4-43F5-B422-E0DD8A645CC7}.Debug|x86.Build.0 = Debug|Win32
		{FF88276D-B6A4-43F5-B422-E0DD8A645CC7}.Release|x64.ActiveCfg = Release|x64
		{FF88276D-B6A4-43F5-B422-E0DD8A645CC7}.Release|x64.Build.0 = Release|x64
		{FF88276D-B6A4-43F5-B422-E0DD8A645CC7}.Release|x86.ActiveCfg = Release|Win32
		{FF88276D-B6A4-43F5-B422-E0DD8A645CC7}.Release|x86.Build.0 = Release|Win32
		{11294A01-752F-4B07-9350-07937A0A7719}.Debug|x64.ActiveCfg = Debug|x64
		{11294A01-752F-4B07-9350-07937A0A7719}.Debug|x64.Build.0 = Debug|x64
		{11294A01-752F-4B07-9350-07937A0A7719}.Debug|x86.ActiveCfg = Debug|Win32
		{11294A01-752F-4B07-9350-07937A0A7719}.Debug|x86.Build.0 = Debug|Win32
		{11294A01-752F-4B07-9350-07937A0A7719}.Release|x64.ActiveCfg = Release|x64
		{11294A01-752F-4B07-9350-07937A0A7719}.Release|x64.Build.0 = Release|x64
		{11294A01-752F-4B07-9350-07937A0A7719}.Release|x86.ActiveCfg = Release|Win32
		{11294A01-752F-4B07-9350-07937A0A7719}.Release|x86.Build.0 = Release|Win32
		{092E96AE-B206-42E7-B5AE-0A4BBB771418}.Debug|x64.ActiveCfg = Debug|x64
		{092E96AE-B206-42E7-B5AE-0A4BBB771418}.Debug|x64.Build.0 = Debug|x64
		{092E96AE-B206-42E7-B5AE-0A4BBB771418}.Debug|x86.ActiveCfg = Debug|Win32
		{092E96AE-B206-42E7-B5AE-0A4BBB771418}.Debug|x86.Build.0 = Debug|Win32
		{092E96AE-B206-42E7-B5AE-0A4BBB771418}.Release|x64.ActiveCfg = Release|x64
		{092E96AE-B206-42E7-B5AE-0A4BBB771418}.Release|x64.Build.0 = Release|x64
		{092E96AE-B206-42E7-B5AE-0A4BBB771418}.Release|x86.ActiveCfg = Release|Win32
		{092E96AE-B206-42E7-B5AE-0A4BBB771418}.Release|x86.Build.0 = Release|Win32
		{A7788FD8-9541-40B8-AE2A-2299F3A5AA22}.Debug|x64.ActiveCfg = Debug|x64
		{A7788FD8-9541-40B8-AE2A-2299F3A5AA22}.Debug|x64.Build.0 = Debug|x64
		{A7788FD8-9541-40B8-AE2A-2299F3A5AA22}.Debug|x86.ActiveCfg = Debug|Win32
		{A7788FD8-9541-40B8-AE2A-2299F3A5AA22}.Debug|x86.Build.0 = Debug|Win32
		{A7788FD8-9541-40B8-AE2A-2299F3A5AA22}.Release|x64.ActiveCfg = Release|x64
		{A7788FD8-9541-40B8-AE2A-2299F3A5AA22}.Release|x64.Build.0 = Release|x64
		{A7788FD8-9541-40B8-AE2A-2299F3A5AA22}.Release|x86.ActiveCfg = Release|Win32
		{A7788FD8-9541-40B8-AE2A-2299F3A5AA22}.Release|x86.Build.0 = Release|Win32
	EndGlobalSection
	GlobalSection(SolutionProperties) = preSolution
		HideSolutionNode = FALSE
	EndGlobalSection
	GlobalSection(ExtensibilityGlobals) = postSolution
		SolutionGuid = {E9609C50-0BA6-4A21-82D3-A824504C13F4}
	EndGlobalSection
EndGlobal
